
Microsoft Visual Studio Solution File, Format Version 12.00
# Visual Studio Version 16
VisualStudioVersion = 16.0.30225.117
MinimumVisualStudioVersion = 10.0.40219.1
Project("{FAE04EC0-301F-11D3-BF4B-00C04F79EFBC}") = "PruebaV5.Core", "PruebaV5.Core\PruebaV5.Core.csproj", "{7707A4A5-CB2E-4F4E-A589-B03366BE22D3}"
EndProject
Project("{FAE04EC0-301F-11D3-BF4B-00C04F79EFBC}") = "PruebaV5.Infrastructure", "PruebaV5.Infrastructure\PruebaV5.Infrastructure.csproj", "{3277F2E5-0287-4313-B0E3-961823EEC82A}"
EndProject
Project("{FAE04EC0-301F-11D3-BF4B-00C04F79EFBC}") = "PruebaV5.Api", "PruebaV5.Api\PruebaV5.Api.csproj", "{29663CD5-E794-46D7-A599-3E9C2DF96083}"
EndProject
Global
	GlobalSection(SolutionConfigurationPlatforms) = preSolution
		Debug|Any CPU = Debug|Any CPU
		Release|Any CPU = Release|Any CPU
	EndGlobalSection
	GlobalSection(ProjectConfigurationPlatforms) = postSolution
		{7707A4A5-CB2E-4F4E-A589-B03366BE22D3}.Debug|Any CPU.ActiveCfg = Debug|Any CPU
		{7707A4A5-CB2E-4F4E-A589-B03366BE22D3}.Debug|Any CPU.Build.0 = Debug|Any CPU
		{7707A4A5-CB2E-4F4E-A589-B03366BE22D3}.Release|Any CPU.ActiveCfg = Release|Any CPU
		{7707A4A5-CB2E-4F4E-A589-B03366BE22D3}.Release|Any CPU.Build.0 = Release|Any CPU
		{3277F2E5-0287-4313-B0E3-961823EEC82A}.Debug|Any CPU.ActiveCfg = Debug|Any CPU
		{3277F2E5-0287-4313-B0E3-961823EEC82A}.Debug|Any CPU.Build.0 = Debug|Any CPU
		{3277F2E5-0287-4313-B0E3-961823EEC82A}.Release|Any CPU.ActiveCfg = Release|Any CPU
		{3277F2E5-0287-4313-B0E3-961823EEC82A}.Release|Any CPU.Build.0 = Release|Any CPU
		{29663CD5-E794-46D7-A599-3E9C2DF96083}.Debug|Any CPU.ActiveCfg = Debug|Any CPU
		{29663CD5-E794-46D7-A599-3E9C2DF96083}.Debug|Any CPU.Build.0 = Debug|Any CPU
		{29663CD5-E794-46D7-A599-3E9C2DF96083}.Release|Any CPU.ActiveCfg = Release|Any CPU
		{29663CD5-E794-46D7-A599-3E9C2DF96083}.Release|Any CPU.Build.0 = Release|Any CPU
	EndGlobalSection
	GlobalSection(SolutionProperties) = preSolution
		HideSolutionNode = FALSE
	EndGlobalSection
	GlobalSection(ExtensibilityGlobals) = postSolution
		SolutionGuid = {C9E41625-44B4-4F99-85F8-130F52129B53}
	EndGlobalSection
EndGlobal
